
Microsoft Visual Studio Solution File, Format Version 12.00
# Visual Studio 15
VisualStudioVersion = 15.0.27703.2042
MinimumVisualStudioVersion = 10.0.40219.1
Project("{FAE04EC0-301F-11D3-BF4B-00C04F79EFBC}") = "WCFService", "WcfService1\WCFService.csproj", "{4E6A04A2-A4C7-4D51-B3A1-5E00CEFDA764}"
EndProject
Project("{FAE04EC0-301F-11D3-BF4B-00C04F79EFBC}") = "WindowsFormsApp1", "WindowsFormsApp1\WindowsFormsApp1.csproj", "{F51223C8-B6DA-4EE5-94A6-58989358AE8B}"
	ProjectSection(ProjectDependencies) = postProject
		{4E6A04A2-A4C7-4D51-B3A1-5E00CEFDA764} = {4E6A04A2-A4C7-4D51-B3A1-5E00CEFDA764}
	EndProjectSection
EndProject
Global
	GlobalSection(SolutionConfigurationPlatforms) = preSolution
		Debug|Any CPU = Debug|Any CPU
		Release|Any CPU = Release|Any CPU
	EndGlobalSection
	GlobalSection(ProjectConfigurationPlatforms) = postSolution
		{4E6A04A2-A4C7-4D51-B3A1-5E00CEFDA764}.Debug|Any CPU.ActiveCfg = Debug|Any CPU
		{4E6A04A2-A4C7-4D51-B3A1-5E00CEFDA764}.Debug|Any CPU.Build.0 = Debug|Any CPU
		{4E6A04A2-A4C7-4D51-B3A1-5E00CEFDA764}.Release|Any CPU.ActiveCfg = Release|Any CPU
		{4E6A04A2-A4C7-4D51-B3A1-5E00CEFDA764}.Release|Any CPU.Build.0 = Release|Any CPU
		{F51223C8-B6DA-4EE5-94A6-58989358AE8B}.Debug|Any CPU.ActiveCfg = Debug|Any CPU
		{F51223C8-B6DA-4EE5-94A6-58989358AE8B}.Debug|Any CPU.Build.0 = Debug|Any CPU
		{F51223C8-B6DA-4EE5-94A6-58989358AE8B}.Release|Any CPU.ActiveCfg = Release|Any CPU
		{F51223C8-B6DA-4EE5-94A6-58989358AE8B}.Release|Any CPU.Build.0 = Release|Any CPU
	EndGlobalSection
	GlobalSection(SolutionProperties) = preSolution
		HideSolutionNode = FALSE
	EndGlobalSection
	GlobalSection(ExtensibilityGlobals) = postSolution
		SolutionGuid = {288CEE5D-1041-4764-9D6A-E4A564A39149}
	EndGlobalSection
EndGlobal
